
Microsoft Visual Studio Solution File, Format Version 12.00
# Visual Studio Version 17
VisualStudioVersion = 17.1.32210.238
MinimumVisualStudioVersion = 10.0.40219.1
Project("{FAE04EC0-301F-11D3-BF4B-00C04F79EFBC}") = "WFA_While", "WFA_While\WFA_While.csproj", "{F35BA360-180D-40D8-91CF-655340D43795}"
EndProject
Project("{FAE04EC0-301F-11D3-BF4B-00C04F79EFBC}") = "WFA_Dowhile", "WFA_Dowhile\WFA_Dowhile.csproj", "{62F265FC-6C30-4265-8326-0C75E9B4B4BA}"
EndProject
Project("{FAE04EC0-301F-11D3-BF4B-00C04F79EFBC}") = "WFA_For", "WFA_For\WFA_For.csproj", "{A35608F0-303A-478C-8ADB-927D80C63CD3}"
EndProject
Project("{FAE04EC0-301F-11D3-BF4B-00C04F79EFBC}") = "WFA_Carpimtablosu", "WFA_Carpimtablosu\WFA_Carpimtablosu.csproj", "{23FF86A6-CB92-4AD1-B631-4705D0AA9F07}"
EndProject
Project("{FAE04EC0-301F-11D3-BF4B-00C04F79EFBC}") = "WFA_Foreach", "WFA_Foreach\WFA_Foreach.csproj", "{06318CB6-E84B-4538-AA86-49C5F269DC41}"
EndProject
Global
	GlobalSection(SolutionConfigurationPlatforms) = preSolution
		Debug|Any CPU = Debug|Any CPU
		Release|Any CPU = Release|Any CPU
	EndGlobalSection
	GlobalSection(ProjectConfigurationPlatforms) = postSolution
		{F35BA360-180D-40D8-91CF-655340D43795}.Debug|Any CPU.ActiveCfg = Debug|Any CPU
		{F35BA360-180D-40D8-91CF-655340D43795}.Debug|Any CPU.Build.0 = Debug|Any CPU
		{F35BA360-180D-40D8-91CF-655340D43795}.Release|Any CPU.ActiveCfg = Release|Any CPU
		{F35BA360-180D-40D8-91CF-655340D43795}.Release|Any CPU.Build.0 = Release|Any CPU
		{62F265FC-6C30-4265-8326-0C75E9B4B4BA}.Debug|Any CPU.ActiveCfg = Debug|Any CPU
		{62F265FC-6C30-4265-8326-0C75E9B4B4BA}.Debug|Any CPU.Build.0 = Debug|Any CPU
		{62F265FC-6C30-4265-8326-0C75E9B4B4BA}.Release|Any CPU.ActiveCfg = Release|Any CPU
		{62F265FC-6C30-4265-8326-0C75E9B4B4BA}.Release|Any CPU.Build.0 = Release|Any CPU
		{A35608F0-303A-478C-8ADB-927D80C63CD3}.Debug|Any CPU.ActiveCfg = Debug|Any CPU
		{A35608F0-303A-478C-8ADB-927D80C63CD3}.Debug|Any CPU.Build.0 = Debug|Any CPU
		{A35608F0-303A-478C-8ADB-927D80C63CD3}.Release|Any CPU.ActiveCfg = Release|Any CPU
		{A35608F0-303A-478C-8ADB-927D80C63CD3}.Release|Any CPU.Build.0 = Release|Any CPU
		{23FF86A6-CB92-4AD1-B631-4705D0AA9F07}.Debug|Any CPU.ActiveCfg = Debug|Any CPU
		{23FF86A6-CB92-4AD1-B631-4705D0AA9F07}.Debug|Any CPU.Build.0 = Debug|Any CPU
		{23FF86A6-CB92-4AD1-B631-4705D0AA9F07}.Release|Any CPU.ActiveCfg = Release|Any CPU
		{23FF86A6-CB92-4AD1-B631-4705D0AA9F07}.Release|Any CPU.Build.0 = Release|Any CPU
		{06318CB6-E84B-4538-AA86-49C5F269DC41}.Debug|Any CPU.ActiveCfg = Debug|Any CPU
		{06318CB6-E84B-4538-AA86-49C5F269DC41}.Debug|Any CPU.Build.0 = Debug|Any CPU
		{06318CB6-E84B-4538-AA86-49C5F269DC41}.Release|Any CPU.ActiveCfg = Release|Any CPU
		{06318CB6-E84B-4538-AA86-49C5F269DC41}.Release|Any CPU.Build.0 = Release|Any CPU
	EndGlobalSection
	GlobalSection(SolutionProperties) = preSolution
		HideSolutionNode = FALSE
	EndGlobalSection
	GlobalSection(ExtensibilityGlobals) = postSolution
		SolutionGuid = {8E17FD90-34DF-4FE8-8A62-2D654E15619F}
	EndGlobalSection
EndGlobal
