
Microsoft Visual Studio Solution File, Format Version 12.00
# Visual Studio Version 17
VisualStudioVersion = 17.1.32210.238
MinimumVisualStudioVersion = 10.0.40219.1
Project("{FAE04EC0-301F-11D3-BF4B-00C04F79EFBC}") = "CA_Variables", "CA_Variables\CA_Variables.csproj", "{98089ECE-C4C7-42EC-AA06-15D76E3FAAD8}"
EndProject
Global
	GlobalSection(SolutionConfigurationPlatforms) = preSolution
		Debug|Any CPU = Debug|Any CPU
		Release|Any CPU = Release|Any CPU
	EndGlobalSection
	GlobalSection(ProjectConfigurationPlatforms) = postSolution
		{98089ECE-C4C7-42EC-AA06-15D76E3FAAD8}.Debug|Any CPU.ActiveCfg = Debug|Any CPU
		{98089ECE-C4C7-42EC-AA06-15D76E3FAAD8}.Debug|Any CPU.Build.0 = Debug|Any CPU
		{98089ECE-C4C7-42EC-AA06-15D76E3FAAD8}.Release|Any CPU.ActiveCfg = Release|Any CPU
		{98089ECE-C4C7-42EC-AA06-15D76E3FAAD8}.Release|Any CPU.Build.0 = Release|Any CPU
	EndGlobalSection
	GlobalSection(SolutionProperties) = preSolution
		HideSolutionNode = FALSE
	EndGlobalSection
	GlobalSection(ExtensibilityGlobals) = postSolution
		SolutionGuid = {9E182701-9C4F-45B0-87D8-642DAE3CB8F1}
	EndGlobalSection
EndGlobal
