
Microsoft Visual Studio Solution File, Format Version 12.00
# Visual Studio Version 17
VisualStudioVersion = 17.1.32210.238
MinimumVisualStudioVersion = 10.0.40219.1
Project("{FAE04EC0-301F-11D3-BF4B-00C04F79EFBC}") = "WFA_Localandglobal", "WFA_Localandglobal\WFA_Localandglobal.csproj", "{922B1F9B-4658-422D-8265-598342857DFE}"
EndProject
Global
	GlobalSection(SolutionConfigurationPlatforms) = preSolution
		Debug|Any CPU = Debug|Any CPU
		Release|Any CPU = Release|Any CPU
	EndGlobalSection
	GlobalSection(ProjectConfigurationPlatforms) = postSolution
		{922B1F9B-4658-422D-8265-598342857DFE}.Debug|Any CPU.ActiveCfg = Debug|Any CPU
		{922B1F9B-4658-422D-8265-598342857DFE}.Debug|Any CPU.Build.0 = Debug|Any CPU
		{922B1F9B-4658-422D-8265-598342857DFE}.Release|Any CPU.ActiveCfg = Release|Any CPU
		{922B1F9B-4658-422D-8265-598342857DFE}.Release|Any CPU.Build.0 = Release|Any CPU
	EndGlobalSection
	GlobalSection(SolutionProperties) = preSolution
		HideSolutionNode = FALSE
	EndGlobalSection
	GlobalSection(ExtensibilityGlobals) = postSolution
		SolutionGuid = {24FD993F-9D68-4DAC-BC12-EA6C5AFA7AE3}
	EndGlobalSection
EndGlobal
