
Microsoft Visual Studio Solution File, Format Version 12.00
# Visual Studio Version 17
VisualStudioVersion = 17.1.32210.238
MinimumVisualStudioVersion = 10.0.40219.1
Project("{FAE04EC0-301F-11D3-BF4B-00C04F79EFBC}") = "WFA_AllButtons", "WFA_AllButtons\WFA_AllButtons.csproj", "{7A0B7DE7-C3F9-4C7A-896B-59C98FBBC841}"
EndProject
Global
	GlobalSection(SolutionConfigurationPlatforms) = preSolution
		Debug|Any CPU = Debug|Any CPU
		Release|Any CPU = Release|Any CPU
	EndGlobalSection
	GlobalSection(ProjectConfigurationPlatforms) = postSolution
		{7A0B7DE7-C3F9-4C7A-896B-59C98FBBC841}.Debug|Any CPU.ActiveCfg = Debug|Any CPU
		{7A0B7DE7-C3F9-4C7A-896B-59C98FBBC841}.Debug|Any CPU.Build.0 = Debug|Any CPU
		{7A0B7DE7-C3F9-4C7A-896B-59C98FBBC841}.Release|Any CPU.ActiveCfg = Release|Any CPU
		{7A0B7DE7-C3F9-4C7A-896B-59C98FBBC841}.Release|Any CPU.Build.0 = Release|Any CPU
	EndGlobalSection
	GlobalSection(SolutionProperties) = preSolution
		HideSolutionNode = FALSE
	EndGlobalSection
	GlobalSection(ExtensibilityGlobals) = postSolution
		SolutionGuid = {98E4CADD-AFAB-4AD6-93DD-279E990758E2}
	EndGlobalSection
EndGlobal
