
Microsoft Visual Studio Solution File, Format Version 12.00
# Visual Studio Version 17
VisualStudioVersion = 17.1.32210.238
MinimumVisualStudioVersion = 10.0.40219.1
Project("{FAE04EC0-301F-11D3-BF4B-00C04F79EFBC}") = "WFA_Kararyapilari", "WFA_Kararyapilari\WFA_Kararyapilari.csproj", "{2171448B-AA01-462C-A795-0C1FD476AC9A}"
EndProject
Global
	GlobalSection(SolutionConfigurationPlatforms) = preSolution
		Debug|Any CPU = Debug|Any CPU
		Release|Any CPU = Release|Any CPU
	EndGlobalSection
	GlobalSection(ProjectConfigurationPlatforms) = postSolution
		{2171448B-AA01-462C-A795-0C1FD476AC9A}.Debug|Any CPU.ActiveCfg = Debug|Any CPU
		{2171448B-AA01-462C-A795-0C1FD476AC9A}.Debug|Any CPU.Build.0 = Debug|Any CPU
		{2171448B-AA01-462C-A795-0C1FD476AC9A}.Release|Any CPU.ActiveCfg = Release|Any CPU
		{2171448B-AA01-462C-A795-0C1FD476AC9A}.Release|Any CPU.Build.0 = Release|Any CPU
	EndGlobalSection
	GlobalSection(SolutionProperties) = preSolution
		HideSolutionNode = FALSE
	EndGlobalSection
	GlobalSection(ExtensibilityGlobals) = postSolution
		SolutionGuid = {76BC54FB-853C-409B-A247-D785A1CBD035}
	EndGlobalSection
EndGlobal
