
Microsoft Visual Studio Solution File, Format Version 12.00
# Visual Studio Version 17
VisualStudioVersion = 17.1.32210.238
MinimumVisualStudioVersion = 10.0.40219.1
Project("{FAE04EC0-301F-11D3-BF4B-00C04F79EFBC}") = "WFA_Foreach", "WFA_Foreach\WFA_Foreach.csproj", "{4DC6C5A8-2337-467A-A631-2DEBD151B2F4}"
EndProject
Global
	GlobalSection(SolutionConfigurationPlatforms) = preSolution
		Debug|Any CPU = Debug|Any CPU
		Release|Any CPU = Release|Any CPU
	EndGlobalSection
	GlobalSection(ProjectConfigurationPlatforms) = postSolution
		{4DC6C5A8-2337-467A-A631-2DEBD151B2F4}.Debug|Any CPU.ActiveCfg = Debug|Any CPU
		{4DC6C5A8-2337-467A-A631-2DEBD151B2F4}.Debug|Any CPU.Build.0 = Debug|Any CPU
		{4DC6C5A8-2337-467A-A631-2DEBD151B2F4}.Release|Any CPU.ActiveCfg = Release|Any CPU
		{4DC6C5A8-2337-467A-A631-2DEBD151B2F4}.Release|Any CPU.Build.0 = Release|Any CPU
	EndGlobalSection
	GlobalSection(SolutionProperties) = preSolution
		HideSolutionNode = FALSE
	EndGlobalSection
	GlobalSection(ExtensibilityGlobals) = postSolution
		SolutionGuid = {F0C3ADC2-3263-46A4-B367-7EED858E6629}
	EndGlobalSection
EndGlobal
