
Microsoft Visual Studio Solution File, Format Version 12.00
# Visual Studio Version 17
VisualStudioVersion = 17.1.32210.238
MinimumVisualStudioVersion = 10.0.40219.1
Project("{FAE04EC0-301F-11D3-BF4B-00C04F79EFBC}") = "WFA_LoopKeywords", "WFA_LoopKeywords\WFA_LoopKeywords.csproj", "{425C62A9-D088-42F2-82D2-A33E73BEDEDA}"
EndProject
Global
	GlobalSection(SolutionConfigurationPlatforms) = preSolution
		Debug|Any CPU = Debug|Any CPU
		Release|Any CPU = Release|Any CPU
	EndGlobalSection
	GlobalSection(ProjectConfigurationPlatforms) = postSolution
		{425C62A9-D088-42F2-82D2-A33E73BEDEDA}.Debug|Any CPU.ActiveCfg = Debug|Any CPU
		{425C62A9-D088-42F2-82D2-A33E73BEDEDA}.Debug|Any CPU.Build.0 = Debug|Any CPU
		{425C62A9-D088-42F2-82D2-A33E73BEDEDA}.Release|Any CPU.ActiveCfg = Release|Any CPU
		{425C62A9-D088-42F2-82D2-A33E73BEDEDA}.Release|Any CPU.Build.0 = Release|Any CPU
	EndGlobalSection
	GlobalSection(SolutionProperties) = preSolution
		HideSolutionNode = FALSE
	EndGlobalSection
	GlobalSection(ExtensibilityGlobals) = postSolution
		SolutionGuid = {5C0ECB9B-BF0E-415B-B318-2503E322E6F1}
	EndGlobalSection
EndGlobal
